
Microsoft Visual Studio Solution File, Format Version 12.00
# Visual Studio Version 17
VisualStudioVersion = 17.5.33627.172
MinimumVisualStudioVersion = 10.0.40219.1
Project("{FAE04EC0-301F-11D3-BF4B-00C04F79EFBC}") = "Server", "Our Messanger\Server.csproj", "{8DD40810-30E7-46F6-B6BE-9676A6F0FC76}"
EndProject
Project("{FAE04EC0-301F-11D3-BF4B-00C04F79EFBC}") = "Client", "Client\Client.csproj", "{4D32B24F-FD8D-4E76-861C-57DEA6271238}"
EndProject
Global
	GlobalSection(SolutionConfigurationPlatforms) = preSolution
		Debug|Any CPU = Debug|Any CPU
		Release|Any CPU = Release|Any CPU
	EndGlobalSection
	GlobalSection(ProjectConfigurationPlatforms) = postSolution
		{8DD40810-30E7-46F6-B6BE-9676A6F0FC76}.Debug|Any CPU.ActiveCfg = Debug|Any CPU
		{8DD40810-30E7-46F6-B6BE-9676A6F0FC76}.Debug|Any CPU.Build.0 = Debug|Any CPU
		{8DD40810-30E7-46F6-B6BE-9676A6F0FC76}.Release|Any CPU.ActiveCfg = Release|Any CPU
		{8DD40810-30E7-46F6-B6BE-9676A6F0FC76}.Release|Any CPU.Build.0 = Release|Any CPU
		{4D32B24F-FD8D-4E76-861C-57DEA6271238}.Debug|Any CPU.ActiveCfg = Debug|Any CPU
		{4D32B24F-FD8D-4E76-861C-57DEA6271238}.Debug|Any CPU.Build.0 = Debug|Any CPU
		{4D32B24F-FD8D-4E76-861C-57DEA6271238}.Release|Any CPU.ActiveCfg = Release|Any CPU
		{4D32B24F-FD8D-4E76-861C-57DEA6271238}.Release|Any CPU.Build.0 = Release|Any CPU
	EndGlobalSection
	GlobalSection(SolutionProperties) = preSolution
		HideSolutionNode = FALSE
	EndGlobalSection
	GlobalSection(ExtensibilityGlobals) = postSolution
		SolutionGuid = {F03D802C-EBAD-4839-9E71-64CE116A885E}
	EndGlobalSection
EndGlobal
